
Microsoft Visual Studio Solution File, Format Version 12.00
# Visual Studio 15
VisualStudioVersion = 15.0.27130.2010
MinimumVisualStudioVersion = 10.0.40219.1
Project("{FAE04EC0-301F-11D3-BF4B-00C04F79EFBC}") = "Beehive", "Beehive\Beehive.csproj", "{A2A04F0B-50AE-40AE-A139-024B37B9CA41}"
EndProject
Project("{FAE04EC0-301F-11D3-BF4B-00C04F79EFBC}") = "TileMaker", "TileMaker\TileMaker.csproj", "{50B174FE-1BEF-4D30-BEC6-1E99DBF6DA9F}"
EndProject
Project("{FAE04EC0-301F-11D3-BF4B-00C04F79EFBC}") = "TileExperiments", "TileExperiments\TileExperiments.csproj", "{81831C5E-4682-4131-8C3F-B3075B4C415F}"
EndProject
Global
	GlobalSection(SolutionConfigurationPlatforms) = preSolution
		Debug|Any CPU = Debug|Any CPU
		Debug|x64 = Debug|x64
		Debug|x86 = Debug|x86
		Release|Any CPU = Release|Any CPU
		Release|x64 = Release|x64
		Release|x86 = Release|x86
	EndGlobalSection
	GlobalSection(ProjectConfigurationPlatforms) = postSolution
		{A2A04F0B-50AE-40AE-A139-024B37B9CA41}.Debug|Any CPU.ActiveCfg = Debug|Any CPU
		{A2A04F0B-50AE-40AE-A139-024B37B9CA41}.Debug|Any CPU.Build.0 = Debug|Any CPU
		{A2A04F0B-50AE-40AE-A139-024B37B9CA41}.Debug|x64.ActiveCfg = Debug|Any CPU
		{A2A04F0B-50AE-40AE-A139-024B37B9CA41}.Debug|x64.Build.0 = Debug|Any CPU
		{A2A04F0B-50AE-40AE-A139-024B37B9CA41}.Debug|x86.ActiveCfg = Debug|Any CPU
		{A2A04F0B-50AE-40AE-A139-024B37B9CA41}.Debug|x86.Build.0 = Debug|Any CPU
		{A2A04F0B-50AE-40AE-A139-024B37B9CA41}.Release|Any CPU.ActiveCfg = Release|Any CPU
		{A2A04F0B-50AE-40AE-A139-024B37B9CA41}.Release|Any CPU.Build.0 = Release|Any CPU
		{A2A04F0B-50AE-40AE-A139-024B37B9CA41}.Release|x64.ActiveCfg = Release|Any CPU
		{A2A04F0B-50AE-40AE-A139-024B37B9CA41}.Release|x64.Build.0 = Release|Any CPU
		{A2A04F0B-50AE-40AE-A139-024B37B9CA41}.Release|x86.ActiveCfg = Release|Any CPU
		{A2A04F0B-50AE-40AE-A139-024B37B9CA41}.Release|x86.Build.0 = Release|Any CPU
		{50B174FE-1BEF-4D30-BEC6-1E99DBF6DA9F}.Debug|Any CPU.ActiveCfg = Debug|Any CPU
		{50B174FE-1BEF-4D30-BEC6-1E99DBF6DA9F}.Debug|Any CPU.Build.0 = Debug|Any CPU
		{50B174FE-1BEF-4D30-BEC6-1E99DBF6DA9F}.Debug|x64.ActiveCfg = Debug|Any CPU
		{50B174FE-1BEF-4D30-BEC6-1E99DBF6DA9F}.Debug|x64.Build.0 = Debug|Any CPU
		{50B174FE-1BEF-4D30-BEC6-1E99DBF6DA9F}.Debug|x86.ActiveCfg = Debug|Any CPU
		{50B174FE-1BEF-4D30-BEC6-1E99DBF6DA9F}.Debug|x86.Build.0 = Debug|Any CPU
		{50B174FE-1BEF-4D30-BEC6-1E99DBF6DA9F}.Release|Any CPU.ActiveCfg = Release|Any CPU
		{50B174FE-1BEF-4D30-BEC6-1E99DBF6DA9F}.Release|Any CPU.Build.0 = Release|Any CPU
		{50B174FE-1BEF-4D30-BEC6-1E99DBF6DA9F}.Release|x64.ActiveCfg = Release|Any CPU
		{50B174FE-1BEF-4D30-BEC6-1E99DBF6DA9F}.Release|x64.Build.0 = Release|Any CPU
		{50B174FE-1BEF-4D30-BEC6-1E99DBF6DA9F}.Release|x86.ActiveCfg = Release|Any CPU
		{50B174FE-1BEF-4D30-BEC6-1E99DBF6DA9F}.Release|x86.Build.0 = Release|Any CPU
		{81831C5E-4682-4131-8C3F-B3075B4C415F}.Debug|Any CPU.ActiveCfg = Debug|Any CPU
		{81831C5E-4682-4131-8C3F-B3075B4C415F}.Debug|Any CPU.Build.0 = Debug|Any CPU
		{81831C5E-4682-4131-8C3F-B3075B4C415F}.Debug|x64.ActiveCfg = Debug|Any CPU
		{81831C5E-4682-4131-8C3F-B3075B4C415F}.Debug|x64.Build.0 = Debug|Any CPU
		{81831C5E-4682-4131-8C3F-B3075B4C415F}.Debug|x86.ActiveCfg = Debug|Any CPU
		{81831C5E-4682-4131-8C3F-B3075B4C415F}.Debug|x86.Build.0 = Debug|Any CPU
		{81831C5E-4682-4131-8C3F-B3075B4C415F}.Release|Any CPU.ActiveCfg = Release|Any CPU
		{81831C5E-4682-4131-8C3F-B3075B4C415F}.Release|Any CPU.Build.0 = Release|Any CPU
		{81831C5E-4682-4131-8C3F-B3075B4C415F}.Release|x64.ActiveCfg = Release|Any CPU
		{81831C5E-4682-4131-8C3F-B3075B4C415F}.Release|x64.Build.0 = Release|Any CPU
		{81831C5E-4682-4131-8C3F-B3075B4C415F}.Release|x86.ActiveCfg = Release|Any CPU
		{81831C5E-4682-4131-8C3F-B3075B4C415F}.Release|x86.Build.0 = Release|Any CPU
	EndGlobalSection
	GlobalSection(SolutionProperties) = preSolution
		HideSolutionNode = FALSE
	EndGlobalSection
	GlobalSection(ExtensibilityGlobals) = postSolution
		SolutionGuid = {2CAA5FC3-CD68-492B-A9D5-A7F3E14C57C6}
	EndGlobalSection
EndGlobal
